// !$*UTF8*$!
{
	archiveVersion = 1;
	classes = {
	};
	objectVersion = 48;
	objects = {

/* Begin PBXBuildFile section */
		C31DD3341FDEA9D00055F47D /* AppDelegate.swift in Sources */ = {isa = PBXBuildFile; fileRef = C31DD3331FDEA9D00055F47D /* AppDelegate.swift */; };
		C31DD3361FDEA9D00055F47D /* SetViewController.swift in Sources */ = {isa = PBXBuildFile; fileRef = C31DD3351FDEA9D00055F47D /* SetViewController.swift */; };
		C31DD3391FDEA9D00055F47D /* Main.storyboard in Resources */ = {isa = PBXBuildFile; fileRef = C31DD3371FDEA9D00055F47D /* Main.storyboard */; };
		C31DD33B1FDEA9D00055F47D /* Assets.xcassets in Resources */ = {isa = PBXBuildFile; fileRef = C31DD33A1FDEA9D00055F47D /* Assets.xcassets */; };
		C31DD33E1FDEA9D00055F47D /* LaunchScreen.storyboard in Resources */ = {isa = PBXBuildFile; fileRef = C31DD33C1FDEA9D00055F47D /* LaunchScreen.storyboard */; };
		C322F89E1FE2CEA0002B9844 /* Grid.swift in Sources */ = {isa = PBXBuildFile; fileRef = C322F89B1FE2CE9F002B9844 /* Grid.swift */; };
		C322F89F1FE2CEA0002B9844 /* CardView.swift in Sources */ = {isa = PBXBuildFile; fileRef = C322F89C1FE2CE9F002B9844 /* CardView.swift */; };
		C322F8A01FE2CEA0002B9844 /* ShapesView.swift in Sources */ = {isa = PBXBuildFile; fileRef = C322F89D1FE2CEA0002B9844 /* ShapesView.swift */; };
		C3F881601FDFFADE008BFFAD /* SetCard.swift in Sources */ = {isa = PBXBuildFile; fileRef = C3F8815E1FDFFADE008BFFAD /* SetCard.swift */; };
		C3F881611FDFFADE008BFFAD /* Set.swift in Sources */ = {isa = PBXBuildFile; fileRef = C3F8815F1FDFFADE008BFFAD /* Set.swift */; };
		C3F92F881FE6C47100E7C5A0 /* CardBehaviour.swift in Sources */ = {isa = PBXBuildFile; fileRef = C3F92F871FE6C47100E7C5A0 /* CardBehaviour.swift */; };
/* End PBXBuildFile section */

/* Begin PBXFileReference section */
		C31DD3301FDEA9D00055F47D /* Set.app */ = {isa = PBXFileReference; explicitFileType = wrapper.application; includeInIndex = 0; path = Set.app; sourceTree = BUILT_PRODUCTS_DIR; };
		C31DD3331FDEA9D00055F47D /* AppDelegate.swift */ = {isa = PBXFileReference; lastKnownFileType = sourcecode.swift; path = AppDelegate.swift; sourceTree = "<group>"; };
		C31DD3351FDEA9D00055F47D /* SetViewController.swift */ = {isa = PBXFileReference; lastKnownFileType = sourcecode.swift; path = SetViewController.swift; sourceTree = "<group>"; };
		C31DD3381FDEA9D00055F47D /* Base */ = {isa = PBXFileReference; lastKnownFileType = file.storyboard; name = Base; path = Base.lproj/Main.storyboard; sourceTree = "<group>"; };
		C31DD33A1FDEA9D00055F47D /* Assets.xcassets */ = {isa = PBXFileReference; lastKnownFileType = folder.assetcatalog; path = Assets.xcassets; sourceTree = "<group>"; };
		C31DD33D1FDEA9D00055F47D /* Base */ = {isa = PBXFileReference; lastKnownFileType = file.storyboard; name = Base; path = Base.lproj/LaunchScreen.storyboard; sourceTree = "<group>"; };
		C31DD33F1FDEA9D00055F47D /* Info.plist */ = {isa = PBXFileReference; lastKnownFileType = text.plist.xml; path = Info.plist; sourceTree = "<group>"; };
		C322F89B1FE2CE9F002B9844 /* Grid.swift */ = {isa = PBXFileReference; fileEncoding = 4; lastKnownFileType = sourcecode.swift; path = Grid.swift; sourceTree = "<group>"; };
		C322F89C1FE2CE9F002B9844 /* CardView.swift */ = {isa = PBXFileReference; fileEncoding = 4; lastKnownFileType = sourcecode.swift; path = CardView.swift; sourceTree = "<group>"; };
		C322F89D1FE2CEA0002B9844 /* ShapesView.swift */ = {isa = PBXFileReference; fileEncoding = 4; lastKnownFileType = sourcecode.swift; path = ShapesView.swift; sourceTree = "<group>"; };
		C3F8815E1FDFFADE008BFFAD /* SetCard.swift */ = {isa = PBXFileReference; fileEncoding = 4; lastKnownFileType = sourcecode.swift; path = SetCard.swift; sourceTree = "<group>"; };
		C3F8815F1FDFFADE008BFFAD /* Set.swift */ = {isa = PBXFileReference; fileEncoding = 4; lastKnownFileType = sourcecode.swift; path = Set.swift; sourceTree = "<group>"; };
		C3F92F871FE6C47100E7C5A0 /* CardBehaviour.swift */ = {isa = PBXFileReference; lastKnownFileType = sourcecode.swift; path = CardBehaviour.swift; sourceTree = "<group>"; };
/* End PBXFileReference section */

/* Begin PBXFrameworksBuildPhase section */
		C31DD32D1FDEA9D00055F47D /* Frameworks */ = {
			isa = PBXFrameworksBuildPhase;
			buildActionMask = 2147483647;
			files = (
			);
			runOnlyForDeploymentPostprocessing = 0;
		};
/* End PBXFrameworksBuildPhase section */

/* Begin PBXGroup section */
		C31DD3271FDEA9D00055F47D = {
			isa = PBXGroup;
			children = (
				C31DD3321FDEA9D00055F47D /* Set */,
				C31DD3311FDEA9D00055F47D /* Products */,
			);
			sourceTree = "<group>";
		};
		C31DD3311FDEA9D00055F47D /* Products */ = {
			isa = PBXGroup;
			children = (
				C31DD3301FDEA9D00055F47D /* Set.app */,
			);
			name = Products;
			sourceTree = "<group>";
		};
		C31DD3321FDEA9D00055F47D /* Set */ = {
			isa = PBXGroup;
			children = (
				C31DD3451FDEABF60055F47D /* Supporting Files */,
				C31DD3351FDEA9D00055F47D /* SetViewController.swift */,
				C31DD3371FDEA9D00055F47D /* Main.storyboard */,
				C3F92F871FE6C47100E7C5A0 /* CardBehaviour.swift */,
				C31DD33F1FDEA9D00055F47D /* Info.plist */,
				C322F89C1FE2CE9F002B9844 /* CardView.swift */,
				C3F8815E1FDFFADE008BFFAD /* SetCard.swift */,
				C322F89B1FE2CE9F002B9844 /* Grid.swift */,
				C322F89D1FE2CEA0002B9844 /* ShapesView.swift */,
				C3F8815F1FDFFADE008BFFAD /* Set.swift */,
			);
			path = Set;
			sourceTree = "<group>";
		};
		C31DD3451FDEABF60055F47D /* Supporting Files */ = {
			isa = PBXGroup;
			children = (
				C31DD3331FDEA9D00055F47D /* AppDelegate.swift */,
				C31DD33A1FDEA9D00055F47D /* Assets.xcassets */,
				C31DD33C1FDEA9D00055F47D /* LaunchScreen.storyboard */,
			);
			path = "Supporting Files";
			sourceTree = "<group>";
		};
/* End PBXGroup section */

/* Begin PBXNativeTarget section */
		C31DD32F1FDEA9D00055F47D /* Set */ = {
			isa = PBXNativeTarget;
			buildConfigurationList = C31DD3421FDEA9D00055F47D /* Build configuration list for PBXNativeTarget "Set" */;
			buildPhases = (
				C31DD32C1FDEA9D00055F47D /* Sources */,
				C31DD32D1FDEA9D00055F47D /* Frameworks */,
				C31DD32E1FDEA9D00055F47D /* Resources */,
			);
			buildRules = (
			);
			dependencies = (
			);
			name = Set;
			productName = Set;
			productReference = C31DD3301FDEA9D00055F47D /* Set.app */;
			productType = "com.apple.product-type.application";
		};
/* End PBXNativeTarget section */

/* Begin PBXProject section */
		C31DD3281FDEA9D00055F47D /* Project object */ = {
			isa = PBXProject;
			attributes = {
				LastSwiftUpdateCheck = 0920;
				LastUpgradeCheck = 0920;
				ORGANIZATIONNAME = "Khen Cruzat";
				TargetAttributes = {
					C31DD32F1FDEA9D00055F47D = {
						CreatedOnToolsVersion = 9.2;
						ProvisioningStyle = Automatic;
					};
				};
			};
			buildConfigurationList = C31DD32B1FDEA9D00055F47D /* Build configuration list for PBXProject "Set" */;
			compatibilityVersion = "Xcode 8.0";
			developmentRegion = en;
			hasScannedForEncodings = 0;
			knownRegions = (
				en,
				Base,
			);
			mainGroup = C31DD3271FDEA9D00055F47D;
			productRefGroup = C31DD3311FDEA9D00055F47D /* Products */;
			projectDirPath = "";
			projectRoot = "";
			targets = (
				C31DD32F1FDEA9D00055F47D /* Set */,
			);
		};
/* End PBXProject section */

/* Begin PBXResourcesBuildPhase section */
		C31DD32E1FDEA9D00055F47D /* Resources */ = {
			isa = PBXResourcesBuildPhase;
			buildActionMask = 2147483647;
			files = (
				C31DD33E1FDEA9D00055F47D /* LaunchScreen.storyboard in Resources */,
				C31DD33B1FDEA9D00055F47D /* Assets.xcassets in Resources */,
				C31DD3391FDEA9D00055F47D /* Main.storyboard in Resources */,
			);
			runOnlyForDeploymentPostprocessing = 0;
		};
/* End PBXResourcesBuildPhase section */

/* Begin PBXSourcesBuildPhase section */
		C31DD32C1FDEA9D00055F47D /* Sources */ = {
			isa = PBXSourcesBuildPhase;
			buildActionMask = 2147483647;
			files = (
				C322F8A01FE2CEA0002B9844 /* ShapesView.swift in Sources */,
				C3F881611FDFFADE008BFFAD /* Set.swift in Sources */,
				C31DD3361FDEA9D00055F47D /* SetViewController.swift in Sources */,
				C3F881601FDFFADE008BFFAD /* SetCard.swift in Sources */,
				C322F89E1FE2CEA0002B9844 /* Grid.swift in Sources */,
				C3F92F881FE6C47100E7C5A0 /* CardBehaviour.swift in Sources */,
				C322F89F1FE2CEA0002B9844 /* CardView.swift in Sources */,
				C31DD3341FDEA9D00055F47D /* AppDelegate.swift in Sources */,
			);
			runOnlyForDeploymentPostprocessing = 0;
		};
/* End PBXSourcesBuildPhase section */

/* Begin PBXVariantGroup section */
		C31DD3371FDEA9D00055F47D /* Main.storyboard */ = {
			isa = PBXVariantGroup;
			children = (
				C31DD3381FDEA9D00055F47D /* Base */,
			);
			name = Main.storyboard;
			sourceTree = "<group>";
		};
		C31DD33C1FDEA9D00055F47D /* LaunchScreen.storyboard */ = {
			isa = PBXVariantGroup;
			children = (
				C31DD33D1FDEA9D00055F47D /* Base */,
			);
			name = LaunchScreen.storyboard;
			sourceTree = "<group>";
		};
/* End PBXVariantGroup section */

/* Begin XCBuildConfiguration section */
		C31DD3401FDEA9D00055F47D /* Debug */ = {
			isa = XCBuildConfiguration;
			buildSettings = {
				ALWAYS_SEARCH_USER_PATHS = NO;
				CLANG_ANALYZER_NONNULL = YES;
				CLANG_ANALYZER_NUMBER_OBJECT_CONVERSION = YES_AGGRESSIVE;
				CLANG_CXX_LANGUAGE_STANDARD = "gnu++14";
				CLANG_CXX_LIBRARY = "libc++";
				CLANG_ENABLE_MODULES = YES;
				CLANG_ENABLE_OBJC_ARC = YES;
				CLANG_WARN_BLOCK_CAPTURE_AUTORELEASING = YES;
				CLANG_WARN_BOOL_CONVERSION = YES;
				CLANG_WARN_COMMA = YES;
				CLANG_WARN_CONSTANT_CONVERSION = YES;
				CLANG_WARN_DIRECT_OBJC_ISA_USAGE = YES_ERROR;
				CLANG_WARN_DOCUMENTATION_COMMENTS = YES;
				CLANG_WARN_EMPTY_BODY = YES;
				CLANG_WARN_ENUM_CONVERSION = YES;
				CLANG_WARN_INFINITE_RECURSION = YES;
				CLANG_WARN_INT_CONVERSION = YES;
				CLANG_WARN_NON_LITERAL_NULL_CONVERSION = YES;
				CLANG_WARN_OBJC_LITERAL_CONVERSION = YES;
				CLANG_WARN_OBJC_ROOT_CLASS = YES_ERROR;
				CLANG_WARN_RANGE_LOOP_ANALYSIS = YES;
				CLANG_WARN_STRICT_PROTOTYPES = YES;
				CLANG_WARN_SUSPICIOUS_MOVE = YES;
				CLANG_WARN_UNGUARDED_AVAILABILITY = YES_AGGRESSIVE;
				CLANG_WARN_UNREACHABLE_CODE = YES;
				CLANG_WARN__DUPLICATE_METHOD_MATCH = YES;
				CODE_SIGN_IDENTITY = "iPhone Developer";
				COPY_PHASE_STRIP = NO;
				DEBUG_INFORMATION_FORMAT = dwarf;
				ENABLE_STRICT_OBJC_MSGSEND = YES;
				ENABLE_TESTABILITY = YES;
				GCC_C_LANGUAGE_STANDARD = gnu11;
				GCC_DYNAMIC_NO_PIC = NO;
				GCC_NO_COMMON_BLOCKS = YES;
				GCC_OPTIMIZATION_LEVEL = 0;
				GCC_PREPROCESSOR_DEFINITIONS = (
					"DEBUG=1",
					"$(inherited)",
				);
				GCC_WARN_64_TO_32_BIT_CONVERSION = YES;
				GCC_WARN_ABOUT_RETURN_TYPE = YES_ERROR;
				GCC_WARN_UNDECLARED_SELECTOR = YES;
				GCC_WARN_UNINITIALIZED_AUTOS = YES_AGGRESSIVE;
				GCC_WARN_UNUSED_FUNCTION = YES;
				GCC_WARN_UNUSED_VARIABLE = YES;
				IPHONEOS_DEPLOYMENT_TARGET = 11.2;
				MTL_ENABLE_DEBUG_INFO = YES;
				ONLY_ACTIVE_ARCH = YES;
				SDKROOT = iphoneos;
				SWIFT_ACTIVE_COMPILATION_CONDITIONS = DEBUG;
				SWIFT_OPTIMIZATION_LEVEL = "-Onone";
			};
			name = Debug;
		};
		C31DD3411FDEA9D00055F47D /* Release */ = {
			isa = XCBuildConfiguration;
			buildSettings = {
				ALWAYS_SEARCH_USER_PATHS = NO;
				CLANG_ANALYZER_NONNULL = YES;
				CLANG_ANALYZER_NUMBER_OBJECT_CONVERSION = YES_AGGRESSIVE;
				CLANG_CXX_LANGUAGE_STANDARD = "gnu++14";
				CLANG_CXX_LIBRARY = "libc++";
				CLANG_ENABLE_MODULES = YES;
				CLANG_ENABLE_OBJC_ARC = YES;
				CLANG_WARN_BLOCK_CAPTURE_AUTORELEASING = YES;
				CLANG_WARN_BOOL_CONVERSION = YES;
				CLANG_WARN_COMMA = YES;
				CLANG_WARN_CONSTANT_CONVERSION = YES;
				CLANG_WARN_DIRECT_OBJC_ISA_USAGE = YES_ERROR;
				CLANG_WARN_DOCUMENTATION_COMMENTS = YES;
				CLANG_WARN_EMPTY_BODY = YES;
				CLANG_WARN_ENUM_CONVERSION = YES;
				CLANG_WARN_INFINITE_RECURSION = YES;
				CLANG_WARN_INT_CONVERSION = YES;
				CLANG_WARN_NON_LITERAL_NULL_CONVERSION = YES;
				CLANG_WARN_OBJC_LITERAL_CONVERSION = YES;
				CLANG_WARN_OBJC_ROOT_CLASS = YES_ERROR;
				CLANG_WARN_RANGE_LOOP_ANALYSIS = YES;
				CLANG_WARN_STRICT_PROTOTYPES = YES;
				CLANG_WARN_SUSPICIOUS_MOVE = YES;
				CLANG_WARN_UNGUARDED_AVAILABILITY = YES_AGGRESSIVE;
				CLANG_WARN_UNREACHABLE_CODE = YES;
				CLANG_WARN__DUPLICATE_METHOD_MATCH = YES;
				CODE_SIGN_IDENTITY = "iPhone Developer";
				COPY_PHASE_STRIP = NO;
				DEBUG_INFORMATION_FORMAT = "dwarf-with-dsym";
				ENABLE_NS_ASSERTIONS = NO;
				ENABLE_STRICT_OBJC_MSGSEND = YES;
				GCC_C_LANGUAGE_STANDARD = gnu11;
				GCC_NO_COMMON_BLOCKS = YES;
				GCC_WARN_64_TO_32_BIT_CONVERSION = YES;
				GCC_WARN_ABOUT_RETURN_TYPE = YES_ERROR;
				GCC_WARN_UNDECLARED_SELECTOR = YES;
				GCC_WARN_UNINITIALIZED_AUTOS = YES_AGGRESSIVE;
				GCC_WARN_UNUSED_FUNCTION = YES;
				GCC_WARN_UNUSED_VARIABLE = YES;
				IPHONEOS_DEPLOYMENT_TARGET = 11.2;
				MTL_ENABLE_DEBUG_INFO = NO;
				SDKROOT = iphoneos;
				SWIFT_OPTIMIZATION_LEVEL = "-Owholemodule";
				VALIDATE_PRODUCT = YES;
			};
			name = Release;
		};
		C31DD3431FDEA9D00055F47D /* Debug */ = {
			isa = XCBuildConfiguration;
			buildSettings = {
				ASSETCATALOG_COMPILER_APPICON_NAME = AppIcon;
				CODE_SIGN_STYLE = Automatic;
				DEVELOPMENT_TEAM = 9LJLDQ7HRG;
				INFOPLIST_FILE = Set/Info.plist;
				IPHONEOS_DEPLOYMENT_TARGET = 11.2;
				LD_RUNPATH_SEARCH_PATHS = "$(inherited) @executable_path/Frameworks";
				PRODUCT_BUNDLE_IDENTIFIER = kvcruzat.Set;
				PRODUCT_NAME = "$(TARGET_NAME)";
				SWIFT_VERSION = 4.0;
				TARGETED_DEVICE_FAMILY = "1,2";
			};
			name = Debug;
		};
		C31DD3441FDEA9D00055F47D /* Release */ = {
			isa = XCBuildConfiguration;
			buildSettings = {
				ASSETCATALOG_COMPILER_APPICON_NAME = AppIcon;
				CODE_SIGN_STYLE = Automatic;
				DEVELOPMENT_TEAM = 9LJLDQ7HRG;
				INFOPLIST_FILE = Set/Info.plist;
				IPHONEOS_DEPLOYMENT_TARGET = 11.2;
				LD_RUNPATH_SEARCH_PATHS = "$(inherited) @executable_path/Frameworks";
				PRODUCT_BUNDLE_IDENTIFIER = kvcruzat.Set;
				PRODUCT_NAME = "$(TARGET_NAME)";
				SWIFT_VERSION = 4.0;
				TARGETED_DEVICE_FAMILY = "1,2";
			};
			name = Release;
		};
/* End XCBuildConfiguration section */

/* Begin XCConfigurationList section */
		C31DD32B1FDEA9D00055F47D /* Build configuration list for PBXProject "Set" */ = {
			isa = XCConfigurationList;
			buildConfigurations = (
				C31DD3401FDEA9D00055F47D /* Debug */,
				C31DD3411FDEA9D00055F47D /* Release */,
			);
			defaultConfigurationIsVisible = 0;
			defaultConfigurationName = Release;
		};
		C31DD3421FDEA9D00055F47D /* Build configuration list for PBXNativeTarget "Set" */ = {
			isa = XCConfigurationList;
			buildConfigurations = (
				C31DD3431FDEA9D00055F47D /* Debug */,
				C31DD3441FDEA9D00055F47D /* Release */,
			);
			defaultConfigurationIsVisible = 0;
			defaultConfigurationName = Release;
		};
/* End XCConfigurationList section */
	};
	rootObject = C31DD3281FDEA9D00055F47D /* Project object */;
}
